
Microsoft Visual Studio Solution File, Format Version 12.00
# Visual Studio Version 17
VisualStudioVersion = 17.11.35208.52
MinimumVisualStudioVersion = 10.0.40219.1
Project("{FAE04EC0-301F-11D3-BF4B-00C04F79EFBC}") = "Tutorial", "Tutorial\Tutorial.csproj", "{C24043B6-B9B1-48C4-AA38-6893C0E0437F}"
EndProject
Global
	GlobalSection(SolutionConfigurationPlatforms) = preSolution
		Debug|Any CPU = Debug|Any CPU
		Release|Any CPU = Release|Any CPU
	EndGlobalSection
	GlobalSection(ProjectConfigurationPlatforms) = postSolution
		{C24043B6-B9B1-48C4-AA38-6893C0E0437F}.Debug|Any CPU.ActiveCfg = Debug|Any CPU
		{C24043B6-B9B1-48C4-AA38-6893C0E0437F}.Debug|Any CPU.Build.0 = Debug|Any CPU
		{C24043B6-B9B1-48C4-AA38-6893C0E0437F}.Release|Any CPU.ActiveCfg = Release|Any CPU
		{C24043B6-B9B1-48C4-AA38-6893C0E0437F}.Release|Any CPU.Build.0 = Release|Any CPU
	EndGlobalSection
	GlobalSection(SolutionProperties) = preSolution
		HideSolutionNode = FALSE
	EndGlobalSection
	GlobalSection(ExtensibilityGlobals) = postSolution
		SolutionGuid = {FFD87005-27C0-4A16-9DD5-1D2E0C0ACC62}
	EndGlobalSection
EndGlobal
